{
  "name": "vs-playwright-course",
  "version": "1.0.0",
  "lockfileVersion": 2,
  "requires": true,
  "packages": {
    "": {
      "name": "vs-playwright-course",
      "version": "1.0.0",
      "license": "MIT",
      "devDependencies": {
        "@playwright/test": "^1.39.0",
        "@types/node": "^20.8.7"
      }
    },
    "node_modules/@playwright/test": {
      "version": "1.39.0",
      "dev": true,
      "license": "Apache-2.0",
      "dependencies": {
        "playwright": "1.39.0"
      },
      "bin": {
        "playwright": "cli.js"
      },
      "engines": {
        "node": ">=16"
      }
    },
    "node_modules/@types/node": {
      "version": "20.8.7",
      "dev": true,
      "license": "MIT",
      "dependencies": {
        "undici-types": "~5.25.1"
      }
    },
    "node_modules/fsevents": {
      "version": "2.3.2",
      "dev": true,
      "license": "MIT",
      "optional": true,
      "os": [
        "darwin"
      ],
      "engines": {
        "node": "^8.16.0 || ^10.6.0 || >=11.0.0"
      }
    },
    "node_modules/playwright": {
      "version": "1.39.0",
      "dev": true,
      "license": "Apache-2.0",
      "dependencies": {
        "playwright-core": "1.39.0"
      },
      "bin": {
        "playwright": "cli.js"
      },
      "engines": {
        "node": ">=16"
      },
      "optionalDependencies": {
        "fsevents": "2.3.2"
      }
    },
    "node_modules/playwright-core": {
      "version": "1.39.0",
      "dev": true,
      "license": "Apache-2.0",
      "bin": {
        "playwright-core": "cli.js"
      },
      "engines": {
        "node": ">=16"
      }
    },
    "node_modules/undici-types": {
      "version": "5.25.3",
      "dev": true,
      "license": "MIT"
    }
  },
  "dependencies": {
    "@playwright/test": {
      "version": "1.39.0",
      "dev": true,
      "requires": {
        "playwright": "1.39.0"
      }
    },
    "@types/node": {
      "version": "20.8.7",
      "dev": true,
      "requires": {
        "undici-types": "~5.25.1"
      }
    },
    "fsevents": {
      "version": "2.3.2",
      "dev": true,
      "optional": true
    },
    "playwright": {
      "version": "1.39.0",
      "dev": true,
      "requires": {
        "fsevents": "2.3.2",
        "playwright-core": "1.39.0"
      }
    },
    "playwright-core": {
      "version": "1.39.0",
      "dev": true
    },
    "undici-types": {
      "version": "5.25.3",
      "dev": true
    }
  }
}
