# THIS IS AN AUTOGENERATED FILE. DO NOT EDIT THIS FILE DIRECTLY.
# yarn lockfile v1


"@playwright/test@^1.39.0":
  version "1.39.0"
  resolved "https://registry.yarnpkg.com/@playwright/test/-/test-1.39.0.tgz#d10ba8e38e44104499e25001945f07faa9fa91cd"
  integrity sha512-3u1iFqgzl7zr004bGPYiN/5EZpRUSFddQBra8Rqll5N0/vfpqlP9I9EXqAoGacuAbX6c9Ulg/Cjqglp5VkK6UQ==
  dependencies:
    playwright "1.39.0"

"@types/node@^20.8.7":
  version "20.8.7"
  resolved "https://registry.yarnpkg.com/@types/node/-/node-20.8.7.tgz#ad23827850843de973096edfc5abc9e922492a25"
  integrity sha512-21TKHHh3eUHIi2MloeptJWALuCu5H7HQTdTrWIFReA8ad+aggoX+lRes3ex7/FtpC+sVUpFMQ+QTfYr74mruiQ==
  dependencies:
    undici-types "~5.25.1"

fsevents@2.3.2:
  version "2.3.2"
  resolved "https://registry.yarnpkg.com/fsevents/-/fsevents-2.3.2.tgz#8a526f78b8fdf4623b709e0b975c52c24c02fd1a"
  integrity sha512-xiqMQR4xAeHTuB9uWm+fFRcIOgKBMiOBP+eXiyT7jsgVCq1bkVygt00oASowB7EdtpOHaaPgKt812P9ab+DDKA==

playwright-core@1.39.0:
  version "1.39.0"
  resolved "https://registry.yarnpkg.com/playwright-core/-/playwright-core-1.39.0.tgz#efeaea754af4fb170d11845b8da30b2323287c63"
  integrity sha512-+k4pdZgs1qiM+OUkSjx96YiKsXsmb59evFoqv8SKO067qBA+Z2s/dCzJij/ZhdQcs2zlTAgRKfeiiLm8PQ2qvw==

playwright@1.39.0:
  version "1.39.0"
  resolved "https://registry.yarnpkg.com/playwright/-/playwright-1.39.0.tgz#184c81cd6478f8da28bcd9e60e94fcebf566e077"
  integrity sha512-naE5QT11uC/Oiq0BwZ50gDmy8c8WLPRTEWuSSFVG2egBka/1qMoSqYQcROMT9zLwJ86oPofcTH2jBY/5wWOgIw==
  dependencies:
    playwright-core "1.39.0"
  optionalDependencies:
    fsevents "2.3.2"

undici-types@~5.25.1:
  version "5.25.3"
  resolved "https://registry.yarnpkg.com/undici-types/-/undici-types-5.25.3.tgz#e044115914c85f0bcbb229f346ab739f064998c3"
  integrity sha512-Ga1jfYwRn7+cP9v8auvEXN1rX3sWqlayd4HP7OKk4mZWylEmu3KzXDUGrQUN6Ol7qo1gPvB2e5gX6udnyEPgdA==
